
Microsoft Visual Studio Solution File, Format Version 12.00
# Visual Studio Version 16
VisualStudioVersion = 16.0.30011.22
MinimumVisualStudioVersion = 10.0.40219.1
Project("{FAE04EC0-301F-11D3-BF4B-00C04F79EFBC}") = "WebApi.Core", "WebApi.Core\WebApi.Core.csproj", "{38E7336F-AEE5-4EC8-9757-FE349E352944}"
EndProject
Global
	GlobalSection(SolutionConfigurationPlatforms) = preSolution
		Debug|Any CPU = Debug|Any CPU
		Release|Any CPU = Release|Any CPU
	EndGlobalSection
	GlobalSection(ProjectConfigurationPlatforms) = postSolution
		{38E7336F-AEE5-4EC8-9757-FE349E352944}.Debug|Any CPU.ActiveCfg = Debug|Any CPU
		{38E7336F-AEE5-4EC8-9757-FE349E352944}.Debug|Any CPU.Build.0 = Debug|Any CPU
		{38E7336F-AEE5-4EC8-9757-FE349E352944}.Release|Any CPU.ActiveCfg = Release|Any CPU
		{38E7336F-AEE5-4EC8-9757-FE349E352944}.Release|Any CPU.Build.0 = Release|Any CPU
	EndGlobalSection
	GlobalSection(SolutionProperties) = preSolution
		HideSolutionNode = FALSE
	EndGlobalSection
	GlobalSection(ExtensibilityGlobals) = postSolution
		SolutionGuid = {0AB133C5-1A18-4970-9DD2-853810351464}
	EndGlobalSection
EndGlobal
